{
  "name": "typescriptrepro",
  "version": "1.0.0",
  "lockfileVersion": 1,
  "requires": true,
  "dependencies": {
    "typescript": {
      "version": "3.3.0-dev.20190125",
      "resolved": "https://registry.npmjs.org/typescript/-/typescript-3.3.0-dev.20190125.tgz",
      "integrity": "sha512-wO4jgc8YfHItqulMY2O32avuBqxqJ4rCftIml1EHUYoMF3NkKcLSJ4qaWUwyLfFmyTJki+Eja4LlIzFCmIKL7A==",
      "dev": true
    }
  }
}
